PODS:
  - Alamofire (5.4.3)
  - Kingfisher (6.3.0)
  - Moya (14.0.0):
    - Moya/Core (= 14.0.0)
  - Moya/Core (14.0.0):
    - Alamofire (~> 5.0)
  - Pageboy (3.6.2)
  - SwiftyJSON (5.0.1)
  - Tabman (2.11.1):
    - Pageboy (~> 3.6.0)

DEPENDENCIES:
  - Kingfisher
  - Moya
  - SwiftyJSON
  - Tabman

SPEC REPOS:
  trunk:
    - Alamofire
    - Kingfisher
    - Moya
    - Pageboy
    - SwiftyJSON
    - Tabman

SPEC CHECKSUMS:
  Alamofire: e447a2774a40c996748296fa2c55112fdbbc42f9
  Kingfisher: 6c3df386db71d82c0817a429d2c9421a77396529
  Moya: 5b45dacb75adb009f97fde91c204c1e565d31916
  Pageboy: cf121b9dd48c63f3f281b2a9ec93d02e0f23879b
  SwiftyJSON: 2f33a42c6fbc52764d96f13368585094bfd8aa5e
  Tabman: 792ac76fd1ec95af175c93db880a3c47cabedc91

PODFILE CHECKSUM: 3c9d6bb15ae63d5ec4bc7807af2e6f1d1841d00b

COCOAPODS: 1.10.1
